
Microsoft Visual Studio Solution File, Format Version 12.00
# Visual Studio Version 16
VisualStudioVersion = 16.0.31129.286
MinimumVisualStudioVersion = 10.0.40219.1
Project("{FAE04EC0-301F-11D3-BF4B-00C04F79EFBC}") = "AcademyGurashi.WebApp01", "AcademyGurashi.WebApp01\AcademyGurashi.WebApp01.csproj", "{12E0FD7D-558C-49E9-8213-3BE61A443F03}"
EndProject
Global
	GlobalSection(SolutionConfigurationPlatforms) = preSolution
		Debug|Any CPU = Debug|Any CPU
		Release|Any CPU = Release|Any CPU
	EndGlobalSection
	GlobalSection(ProjectConfigurationPlatforms) = postSolution
		{12E0FD7D-558C-49E9-8213-3BE61A443F03}.Debug|Any CPU.ActiveCfg = Debug|Any CPU
		{12E0FD7D-558C-49E9-8213-3BE61A443F03}.Debug|Any CPU.Build.0 = Debug|Any CPU
		{12E0FD7D-558C-49E9-8213-3BE61A443F03}.Release|Any CPU.ActiveCfg = Release|Any CPU
		{12E0FD7D-558C-49E9-8213-3BE61A443F03}.Release|Any CPU.Build.0 = Release|Any CPU
	EndGlobalSection
	GlobalSection(SolutionProperties) = preSolution
		HideSolutionNode = FALSE
	EndGlobalSection
	GlobalSection(ExtensibilityGlobals) = postSolution
		SolutionGuid = {1E1CA048-8AC5-4146-988D-DFC6D87D9E06}
	EndGlobalSection
EndGlobal
